Microsoft Visual Studio Solution File, Format Version 12.00
# Visual Studio Version 18
VisualStudioVersion = 18.5.11801.241
MinimumVisualStudioVersion = 10.0.40219.1
Project("{2150E333-8FDC-42A3-9474-1A3956D46DE8}") = "Common", "Common", "{915E4206-67EE-421B-BBB6-16F78B188FD7}"
EndProject
Project("{2150E333-8FDC-42A3-9474-1A3956D46DE8}") = "Implementation", "Implementation", "{26F51145-34F1-4A0F-83FA-391D0C37A68A}"
EndProject
Project("{2150E333-8FDC-42A3-9474-1A3956D46DE8}") = "Solution Items", "Solution Items", "{1AF7BC2C-96F0-4478-9FBE-CF494A54D4FC}"
	ProjectSection(SolutionItems) = preProject
		.editorconfig = .editorconfig
		.gitattributes = .gitattributes
		.gitignore = .gitignore
		appveyor.yml = appveyor.yml
		CodeMaid.config = CodeMaid.config
		copying.txt = copying.txt
		GitVersion.yaml = GitVersion.yaml
		license.md = license.md
		PublishApp.targets = PublishApp.targets
		readme.md = readme.md
		SharedAssemblyProperties.props = SharedAssemblyProperties.props
		stylecop.json = stylecop.json
	EndProjectSection
EndProject
Project("{2150E333-8FDC-42A3-9474-1A3956D46DE8}") = "Source", "Source", "{54B42139-339A-480D-B8C6-942379A02447}"
EndProject
Project("{2150E333-8FDC-42A3-9474-1A3956D46DE8}") = "Tests", "Tests", "{A205C0A7-BDE5-4AD6-8B7D-70DC6AD05AC7}"
EndProject
Project("{2150E333-8FDC-42A3-9474-1A3956D46DE8}") = "UI", "UI", "{449645C1-BCC6-4BDA-B982-97A20F65D496}"
EndProject
Project("{FAE04EC0-301F-11D3-BF4B-00C04F79EFBC}") = "Codec.Audio", "Codec.Audio\Codec.Audio.csproj", "{E2C9D2B9-D0CF-B7F1-DB94-C47F06E5F5A0}"
EndProject
Project("{9A19103F-16F7-4668-BE54-9A1E7A4F7556}") = "Codec.Base", "Codec.Base\Codec.Base.csproj", "{4492962D-33B5-4B3E-B335-589689E32888}"
EndProject
Project("{FAE04EC0-301F-11D3-BF4B-00C04F79EFBC}") = "Codec.Geometry", "Codec.Geometry\Codec.Geometry.csproj", "{7F9D721C-1C2C-929A-9FE4-6D6D9EA23C5A}"
EndProject
Project("{FAE04EC0-301F-11D3-BF4B-00C04F79EFBC}") = "Codec.Imaging", "Codec.Imaging\Codec.Imaging.csproj", "{1CFA0DA5-A83B-F4B2-AE72-9E3B9437786E}"
EndProject
Project("{FAE04EC0-301F-11D3-BF4B-00C04F79EFBC}") = "Codec.M2", "Codec.M2\Codec.M2.csproj", "{F8AFC8F0-19BF-8A9B-5AAF-8EF0E6D46C59}"
EndProject
Project("{FAE04EC0-301F-11D3-BF4B-00C04F79EFBC}") = "Codec.MGS", "Codec.MGS\Codec.MGS.csproj", "{EC7DF4A6-E7CD-9E10-198A-75823F740172}"
EndProject
Project("{FAE04EC0-301F-11D3-BF4B-00C04F79EFBC}") = "Codec.Rendering", "Codec.Rendering\Codec.Rendering.csproj", "{3C018D0D-FF94-3EE7-6840-B0B15B266B71}"
EndProject
Project("{9A19103F-16F7-4668-BE54-9A1E7A4F7556}") = "Codec.Tests", "Codec.Tests\Codec.Tests.csproj", "{6E852CB9-1445-4424-9773-1D774F88241A}"
EndProject
Project("{FAE04EC0-301F-11D3-BF4B-00C04F79EFBC}") = "Codec.UI", "Codec.UI\Codec.UI.csproj", "{E1F4A508-E2D3-4262-AE1C-8133A52BE323}"
EndProject
Project("{FAE04EC0-301F-11D3-BF4B-00C04F79EFBC}") = "Codec.UI.Avalonia", "Codec.UI.Avalonia\Codec.UI.Avalonia.csproj", "{8CF7C708-27C2-848B-AE26-4F25F79860CB}"
EndProject
Project("{FAE04EC0-301F-11D3-BF4B-00C04F79EFBC}") = "Codec.UI.WinForms", "Codec.UI.WinForms\Codec.UI.WinForms.csproj", "{2364BE65-3165-4A4B-B68D-461519E2D46F}"
EndProject
Global
	GlobalSection(SolutionConfigurationPlatforms) = preSolution
		Debug|Any CPU = Debug|Any CPU
		Release|Any CPU = Release|Any CPU
	EndGlobalSection
	GlobalSection(ProjectConfigurationPlatforms) = postSolution
		{E2C9D2B9-D0CF-B7F1-DB94-C47F06E5F5A0}.Debug|Any CPU.ActiveCfg = Debug|Any CPU
		{E2C9D2B9-D0CF-B7F1-DB94-C47F06E5F5A0}.Debug|Any CPU.Build.0 = Debug|Any CPU
		{E2C9D2B9-D0CF-B7F1-DB94-C47F06E5F5A0}.Release|Any CPU.ActiveCfg = Release|Any CPU
		{E2C9D2B9-D0CF-B7F1-DB94-C47F06E5F5A0}.Release|Any CPU.Build.0 = Release|Any CPU
		{4492962D-33B5-4B3E-B335-589689E32888}.Debug|Any CPU.ActiveCfg = Debug|Any CPU
		{4492962D-33B5-4B3E-B335-589689E32888}.Debug|Any CPU.Build.0 = Debug|Any CPU
		{4492962D-33B5-4B3E-B335-589689E32888}.Release|Any CPU.ActiveCfg = Release|Any CPU
		{4492962D-33B5-4B3E-B335-589689E32888}.Release|Any CPU.Build.0 = Release|Any CPU
		{7F9D721C-1C2C-929A-9FE4-6D6D9EA23C5A}.Debug|Any CPU.ActiveCfg = Debug|Any CPU
		{7F9D721C-1C2C-929A-9FE4-6D6D9EA23C5A}.Debug|Any CPU.Build.0 = Debug|Any CPU
		{7F9D721C-1C2C-929A-9FE4-6D6D9EA23C5A}.Release|Any CPU.ActiveCfg = Release|Any CPU
		{7F9D721C-1C2C-929A-9FE4-6D6D9EA23C5A}.Release|Any CPU.Build.0 = Release|Any CPU
		{1CFA0DA5-A83B-F4B2-AE72-9E3B9437786E}.Debug|Any CPU.ActiveCfg = Debug|Any CPU
		{1CFA0DA5-A83B-F4B2-AE72-9E3B9437786E}.Debug|Any CPU.Build.0 = Debug|Any CPU
		{1CFA0DA5-A83B-F4B2-AE72-9E3B9437786E}.Release|Any CPU.ActiveCfg = Release|Any CPU
		{1CFA0DA5-A83B-F4B2-AE72-9E3B9437786E}.Release|Any CPU.Build.0 = Release|Any CPU
		{F8AFC8F0-19BF-8A9B-5AAF-8EF0E6D46C59}.Debug|Any CPU.ActiveCfg = Debug|Any CPU
		{F8AFC8F0-19BF-8A9B-5AAF-8EF0E6D46C59}.Debug|Any CPU.Build.0 = Debug|Any CPU
		{F8AFC8F0-19BF-8A9B-5AAF-8EF0E6D46C59}.Release|Any CPU.ActiveCfg = Release|Any CPU
		{F8AFC8F0-19BF-8A9B-5AAF-8EF0E6D46C59}.Release|Any CPU.Build.0 = Release|Any CPU
		{EC7DF4A6-E7CD-9E10-198A-75823F740172}.Debug|Any CPU.ActiveCfg = Debug|Any CPU
		{EC7DF4A6-E7CD-9E10-198A-75823F740172}.Debug|Any CPU.Build.0 = Debug|Any CPU
		{EC7DF4A6-E7CD-9E10-198A-75823F740172}.Release|Any CPU.ActiveCfg = Release|Any CPU
		{EC7DF4A6-E7CD-9E10-198A-75823F740172}.Release|Any CPU.Build.0 = Release|Any CPU
		{3C018D0D-FF94-3EE7-6840-B0B15B266B71}.Debug|Any CPU.ActiveCfg = Debug|Any CPU
		{3C018D0D-FF94-3EE7-6840-B0B15B266B71}.Debug|Any CPU.Build.0 = Debug|Any CPU
		{3C018D0D-FF94-3EE7-6840-B0B15B266B71}.Release|Any CPU.ActiveCfg = Release|Any CPU
		{3C018D0D-FF94-3EE7-6840-B0B15B266B71}.Release|Any CPU.Build.0 = Release|Any CPU
		{6E852CB9-1445-4424-9773-1D774F88241A}.Debug|Any CPU.ActiveCfg = Debug|Any CPU
		{6E852CB9-1445-4424-9773-1D774F88241A}.Debug|Any CPU.Build.0 = Debug|Any CPU
		{6E852CB9-1445-4424-9773-1D774F88241A}.Release|Any CPU.ActiveCfg = Release|Any CPU
		{6E852CB9-1445-4424-9773-1D774F88241A}.Release|Any CPU.Build.0 = Release|Any CPU
		{E1F4A508-E2D3-4262-AE1C-8133A52BE323}.Debug|Any CPU.ActiveCfg = Debug|Any CPU
		{E1F4A508-E2D3-4262-AE1C-8133A52BE323}.Debug|Any CPU.Build.0 = Debug|Any CPU
		{E1F4A508-E2D3-4262-AE1C-8133A52BE323}.Release|Any CPU.ActiveCfg = Release|Any CPU
		{E1F4A508-E2D3-4262-AE1C-8133A52BE323}.Release|Any CPU.Build.0 = Release|Any CPU
		{8CF7C708-27C2-848B-AE26-4F25F79860CB}.Debug|Any CPU.ActiveCfg = Debug|Any CPU
		{8CF7C708-27C2-848B-AE26-4F25F79860CB}.Debug|Any CPU.Build.0 = Debug|Any CPU
		{8CF7C708-27C2-848B-AE26-4F25F79860CB}.Release|Any CPU.ActiveCfg = Release|Any CPU
		{8CF7C708-27C2-848B-AE26-4F25F79860CB}.Release|Any CPU.Build.0 = Release|Any CPU
		{2364BE65-3165-4A4B-B68D-461519E2D46F}.Debug|Any CPU.ActiveCfg = Debug|Any CPU
		{2364BE65-3165-4A4B-B68D-461519E2D46F}.Debug|Any CPU.Build.0 = Debug|Any CPU
		{2364BE65-3165-4A4B-B68D-461519E2D46F}.Release|Any CPU.ActiveCfg = Release|Any CPU
		{2364BE65-3165-4A4B-B68D-461519E2D46F}.Release|Any CPU.Build.0 = Release|Any CPU
	EndGlobalSection
	GlobalSection(SolutionProperties) = preSolution
		HideSolutionNode = FALSE
	EndGlobalSection
	GlobalSection(NestedProjects) = preSolution
		{915E4206-67EE-421B-BBB6-16F78B188FD7} = {54B42139-339A-480D-B8C6-942379A02447}
		{26F51145-34F1-4A0F-83FA-391D0C37A68A} = {54B42139-339A-480D-B8C6-942379A02447}
		{449645C1-BCC6-4BDA-B982-97A20F65D496} = {54B42139-339A-480D-B8C6-942379A02447}
		{E2C9D2B9-D0CF-B7F1-DB94-C47F06E5F5A0} = {915E4206-67EE-421B-BBB6-16F78B188FD7}
		{4492962D-33B5-4B3E-B335-589689E32888} = {915E4206-67EE-421B-BBB6-16F78B188FD7}
		{7F9D721C-1C2C-929A-9FE4-6D6D9EA23C5A} = {915E4206-67EE-421B-BBB6-16F78B188FD7}
		{1CFA0DA5-A83B-F4B2-AE72-9E3B9437786E} = {915E4206-67EE-421B-BBB6-16F78B188FD7}
		{F8AFC8F0-19BF-8A9B-5AAF-8EF0E6D46C59} = {26F51145-34F1-4A0F-83FA-391D0C37A68A}
		{EC7DF4A6-E7CD-9E10-198A-75823F740172} = {26F51145-34F1-4A0F-83FA-391D0C37A68A}
		{3C018D0D-FF94-3EE7-6840-B0B15B266B71} = {26F51145-34F1-4A0F-83FA-391D0C37A68A}
		{6E852CB9-1445-4424-9773-1D774F88241A} = {A205C0A7-BDE5-4AD6-8B7D-70DC6AD05AC7}
		{E1F4A508-E2D3-4262-AE1C-8133A52BE323} = {449645C1-BCC6-4BDA-B982-97A20F65D496}
		{8CF7C708-27C2-848B-AE26-4F25F79860CB} = {449645C1-BCC6-4BDA-B982-97A20F65D496}
		{2364BE65-3165-4A4B-B68D-461519E2D46F} = {449645C1-BCC6-4BDA-B982-97A20F65D496}
	EndGlobalSection
	GlobalSection(ExtensibilityGlobals) = postSolution
		SolutionGuid = {FAC62612-B9DD-45D8-9532-F0F5A643C344}
	EndGlobalSection
EndGlobal
